
Microsoft Visual Studio Solution File, Format Version 12.00
Project("{FAE04EC0-301F-11D3-BF4B-00C04F79EFBC}") = "lab", "lab\lab.csproj", "{5B17AE8B-5D37-4147-8362-A813426DBA4D}"
EndProject
Global
	GlobalSection(SolutionConfigurationPlatforms) = preSolution
		Debug|Any CPU = Debug|Any CPU
		Release|Any CPU = Release|Any CPU
	EndGlobalSection
	GlobalSection(ProjectConfigurationPlatforms) = postSolution
		{5B17AE8B-5D37-4147-8362-A813426DBA4D}.Debug|Any CPU.ActiveCfg = Debug|Any CPU
		{5B17AE8B-5D37-4147-8362-A813426DBA4D}.Debug|Any CPU.Build.0 = Debug|Any CPU
		{5B17AE8B-5D37-4147-8362-A813426DBA4D}.Release|Any CPU.ActiveCfg = Release|Any CPU
		{5B17AE8B-5D37-4147-8362-A813426DBA4D}.Release|Any CPU.Build.0 = Release|Any CPU
	EndGlobalSection
EndGlobal
